
Microsoft Visual Studio Solution File, Format Version 12.00
# Visual Studio 2012
Project("{FAE04EC0-301F-11D3-BF4B-00C04F79EFBC}") = "System.Drawing.Analysis", "System.Drawing.Analysis\System.Drawing.Analysis.csproj", "{5ABAD8F2-2A7B-448A-B975-6E0980FAA789}"
EndProject
Global
	GlobalSection(SolutionConfigurationPlatforms) = preSolution
		Debug|Any CPU = Debug|Any CPU
		Release|Any CPU = Release|Any CPU
	EndGlobalSection
	GlobalSection(ProjectConfigurationPlatforms) = postSolution
		{5ABAD8F2-2A7B-448A-B975-6E0980FAA789}.Debug|Any CPU.ActiveCfg = Debug|Any CPU
		{5ABAD8F2-2A7B-448A-B975-6E0980FAA789}.Debug|Any CPU.Build.0 = Debug|Any CPU
		{5ABAD8F2-2A7B-448A-B975-6E0980FAA789}.Release|Any CPU.ActiveCfg = Release|Any CPU
		{5ABAD8F2-2A7B-448A-B975-6E0980FAA789}.Release|Any CPU.Build.0 = Release|Any CPU
	EndGlobalSection
	GlobalSection(SolutionProperties) = preSolution
		HideSolutionNode = FALSE
	EndGlobalSection
EndGlobal
