
Microsoft Visual Studio Solution File, Format Version 12.00
# Visual Studio 2012
Project("{FAE04EC0-301F-11D3-BF4B-00C04F79EFBC}") = "System.Drawing.Analysis (3.5)", "System.Drawing.Analysis\System.Drawing.Analysis (3.5).csproj", "{5ABAD8F2-2A7B-448A-B975-6E0980FAA789}"
EndProject
Project("{FAE04EC0-301F-11D3-BF4B-00C04F79EFBC}") = "System.Drawing.Analysis.Testing", "System.Drawing.Analysis.Testing\System.Drawing.Analysis.Testing.csproj", "{8D998F00-A439-46F4-B130-773FA74E0426}"
EndProject
Project("{FAE04EC0-301F-11D3-BF4B-00C04F79EFBC}") = "System.Drawing.Analysis (4.0)", "System.Drawing.Analysis\System.Drawing.Analysis (4.0).csproj", "{9FBC383D-D79D-4519-B841-8E0BA3ED1192}"
	ProjectSection(ProjectDependencies) = postProject
		{5ABAD8F2-2A7B-448A-B975-6E0980FAA789} = {5ABAD8F2-2A7B-448A-B975-6E0980FAA789}
	EndProjectSection
EndProject
Project("{FAE04EC0-301F-11D3-BF4B-00C04F79EFBC}") = "System.Drawing.Analysis (4.5)", "System.Drawing.Analysis\System.Drawing.Analysis (4.5).csproj", "{C36B007F-EE47-4D3F-B81E-69AC44799541}"
	ProjectSection(ProjectDependencies) = postProject
		{9FBC383D-D79D-4519-B841-8E0BA3ED1192} = {9FBC383D-D79D-4519-B841-8E0BA3ED1192}
	EndProjectSection
EndProject
Global
	GlobalSection(SolutionConfigurationPlatforms) = preSolution
		Debug|Any CPU = Debug|Any CPU
		Release|Any CPU = Release|Any CPU
	EndGlobalSection
	GlobalSection(ProjectConfigurationPlatforms) = postSolution
		{5ABAD8F2-2A7B-448A-B975-6E0980FAA789}.Debug|Any CPU.ActiveCfg = Debug|Any CPU
		{5ABAD8F2-2A7B-448A-B975-6E0980FAA789}.Debug|Any CPU.Build.0 = Debug|Any CPU
		{5ABAD8F2-2A7B-448A-B975-6E0980FAA789}.Release|Any CPU.ActiveCfg = Release|Any CPU
		{5ABAD8F2-2A7B-448A-B975-6E0980FAA789}.Release|Any CPU.Build.0 = Release|Any CPU
		{8D998F00-A439-46F4-B130-773FA74E0426}.Debug|Any CPU.ActiveCfg = Debug|Any CPU
		{8D998F00-A439-46F4-B130-773FA74E0426}.Debug|Any CPU.Build.0 = Debug|Any CPU
		{8D998F00-A439-46F4-B130-773FA74E0426}.Release|Any CPU.ActiveCfg = Release|Any CPU
		{8D998F00-A439-46F4-B130-773FA74E0426}.Release|Any CPU.Build.0 = Release|Any CPU
		{9FBC383D-D79D-4519-B841-8E0BA3ED1192}.Debug|Any CPU.ActiveCfg = Debug|Any CPU
		{9FBC383D-D79D-4519-B841-8E0BA3ED1192}.Debug|Any CPU.Build.0 = Debug|Any CPU
		{9FBC383D-D79D-4519-B841-8E0BA3ED1192}.Release|Any CPU.ActiveCfg = Release|Any CPU
		{9FBC383D-D79D-4519-B841-8E0BA3ED1192}.Release|Any CPU.Build.0 = Release|Any CPU
		{C36B007F-EE47-4D3F-B81E-69AC44799541}.Debug|Any CPU.ActiveCfg = Debug|Any CPU
		{C36B007F-EE47-4D3F-B81E-69AC44799541}.Debug|Any CPU.Build.0 = Debug|Any CPU
		{C36B007F-EE47-4D3F-B81E-69AC44799541}.Release|Any CPU.ActiveCfg = Release|Any CPU
		{C36B007F-EE47-4D3F-B81E-69AC44799541}.Release|Any CPU.Build.0 = Release|Any CPU
	EndGlobalSection
	GlobalSection(SolutionProperties) = preSolution
		HideSolutionNode = FALSE
	EndGlobalSection
EndGlobal
